
Microsoft Visual Studio Solution File, Format Version 12.00
# Visual Studio Version 16
VisualStudioVersion = 16.0.29001.49
MinimumVisualStudioVersion = 10.0.40219.1
Project("{FAE04EC0-301F-11D3-BF4B-00C04F79EFBC}") = "NaviCoffee.iOS", "NaviCoffee\NaviCoffee.iOS\NaviCoffee.iOS.csproj", "{9388EBDB-0099-482A-87F8-D6C6B1EA86DD}"
EndProject
Project("{9A19103F-16F7-4668-BE54-9A1E7A4F7556}") = "NaviCoffee", "NaviCoffee\NaviCoffee\NaviCoffee.csproj", "{6C014A96-9D7E-4867-9752-E9451488EBD7}"
EndProject
Project("{9A19103F-16F7-4668-BE54-9A1E7A4F7556}") = "NaviCoffee.WebApi", "NaviCoffee.WebApi\NaviCoffee.WebApi.csproj", "{AA359716-6CC5-4979-AF1C-57B1E1C463F6}"
EndProject
Project("{9A19103F-16F7-4668-BE54-9A1E7A4F7556}") = "NaviCoffee.PI", "NaviCoffee.PI\NaviCoffee.PI.csproj", "{2FD50F1B-7333-4FBC-BFDE-4AA2060860C2}"
EndProject
Project("{FAE04EC0-301F-11D3-BF4B-00C04F79EFBC}") = "NaviCoffee.Android", "NaviCoffee\NaviCoffee.Android\NaviCoffee.Android.csproj", "{AFA8F2F2-CE96-4123-B4ED-22EA2DDC1F1B}"
EndProject
Project("{9A19103F-16F7-4668-BE54-9A1E7A4F7556}") = "NaviCoffee.Tests", "NaviCoffee.Tests\NaviCoffee.Tests.csproj", "{6C958C26-4D68-4F00-A55B-E64D6C6635DC}"
EndProject
Global
	GlobalSection(SolutionConfigurationPlatforms) = preSolution
		Debug|Any CPU = Debug|Any CPU
		Debug|iPhone = Debug|iPhone
		Debug|iPhoneSimulator = Debug|iPhoneSimulator
		Release|Any CPU = Release|Any CPU
		Release|iPhone = Release|iPhone
		Release|iPhoneSimulator = Release|iPhoneSimulator
	EndGlobalSection
	GlobalSection(ProjectConfigurationPlatforms) = postSolution
		{9388EBDB-0099-482A-87F8-D6C6B1EA86DD}.Debug|Any CPU.ActiveCfg = Debug|iPhoneSimulator
		{9388EBDB-0099-482A-87F8-D6C6B1EA86DD}.Debug|Any CPU.Build.0 = Debug|iPhoneSimulator
		{9388EBDB-0099-482A-87F8-D6C6B1EA86DD}.Debug|Any CPU.Deploy.0 = Debug|iPhoneSimulator
		{9388EBDB-0099-482A-87F8-D6C6B1EA86DD}.Debug|iPhone.ActiveCfg = Debug|iPhone
		{9388EBDB-0099-482A-87F8-D6C6B1EA86DD}.Debug|iPhone.Build.0 = Debug|iPhone
		{9388EBDB-0099-482A-87F8-D6C6B1EA86DD}.Debug|iPhone.Deploy.0 = Debug|iPhone
		{9388EBDB-0099-482A-87F8-D6C6B1EA86DD}.Debug|iPhoneSimulator.ActiveCfg = Debug|iPhoneSimulator
		{9388EBDB-0099-482A-87F8-D6C6B1EA86DD}.Debug|iPhoneSimulator.Build.0 = Debug|iPhoneSimulator
		{9388EBDB-0099-482A-87F8-D6C6B1EA86DD}.Debug|iPhoneSimulator.Deploy.0 = Debug|iPhoneSimulator
		{9388EBDB-0099-482A-87F8-D6C6B1EA86DD}.Release|Any CPU.ActiveCfg = Release|iPhone
		{9388EBDB-0099-482A-87F8-D6C6B1EA86DD}.Release|Any CPU.Build.0 = Release|iPhone
		{9388EBDB-0099-482A-87F8-D6C6B1EA86DD}.Release|Any CPU.Deploy.0 = Release|iPhone
		{9388EBDB-0099-482A-87F8-D6C6B1EA86DD}.Release|iPhone.ActiveCfg = Release|iPhone
		{9388EBDB-0099-482A-87F8-D6C6B1EA86DD}.Release|iPhone.Build.0 = Release|iPhone
		{9388EBDB-0099-482A-87F8-D6C6B1EA86DD}.Release|iPhone.Deploy.0 = Release|iPhone
		{9388EBDB-0099-482A-87F8-D6C6B1EA86DD}.Release|iPhoneSimulator.ActiveCfg = Release|iPhoneSimulator
		{9388EBDB-0099-482A-87F8-D6C6B1EA86DD}.Release|iPhoneSimulator.Build.0 = Release|iPhoneSimulator
		{9388EBDB-0099-482A-87F8-D6C6B1EA86DD}.Release|iPhoneSimulator.Deploy.0 = Release|iPhoneSimulator
		{6C014A96-9D7E-4867-9752-E9451488EBD7}.Debug|Any CPU.ActiveCfg = Debug|Any CPU
		{6C014A96-9D7E-4867-9752-E9451488EBD7}.Debug|Any CPU.Build.0 = Debug|Any CPU
		{6C014A96-9D7E-4867-9752-E9451488EBD7}.Debug|Any CPU.Deploy.0 = Debug|Any CPU
		{6C014A96-9D7E-4867-9752-E9451488EBD7}.Debug|iPhone.ActiveCfg = Debug|Any CPU
		{6C014A96-9D7E-4867-9752-E9451488EBD7}.Debug|iPhone.Build.0 = Debug|Any CPU
		{6C014A96-9D7E-4867-9752-E9451488EBD7}.Debug|iPhone.Deploy.0 = Debug|Any CPU
		{6C014A96-9D7E-4867-9752-E9451488EBD7}.Debug|iPhoneSimulator.ActiveCfg = Debug|Any CPU
		{6C014A96-9D7E-4867-9752-E9451488EBD7}.Debug|iPhoneSimulator.Build.0 = Debug|Any CPU
		{6C014A96-9D7E-4867-9752-E9451488EBD7}.Debug|iPhoneSimulator.Deploy.0 = Debug|Any CPU
		{6C014A96-9D7E-4867-9752-E9451488EBD7}.Release|Any CPU.ActiveCfg = Release|Any CPU
		{6C014A96-9D7E-4867-9752-E9451488EBD7}.Release|Any CPU.Build.0 = Release|Any CPU
		{6C014A96-9D7E-4867-9752-E9451488EBD7}.Release|Any CPU.Deploy.0 = Release|Any CPU
		{6C014A96-9D7E-4867-9752-E9451488EBD7}.Release|iPhone.ActiveCfg = Release|Any CPU
		{6C014A96-9D7E-4867-9752-E9451488EBD7}.Release|iPhone.Build.0 = Release|Any CPU
		{6C014A96-9D7E-4867-9752-E9451488EBD7}.Release|iPhone.Deploy.0 = Release|Any CPU
		{6C014A96-9D7E-4867-9752-E9451488EBD7}.Release|iPhoneSimulator.ActiveCfg = Release|Any CPU
		{6C014A96-9D7E-4867-9752-E9451488EBD7}.Release|iPhoneSimulator.Build.0 = Release|Any CPU
		{6C014A96-9D7E-4867-9752-E9451488EBD7}.Release|iPhoneSimulator.Deploy.0 = Release|Any CPU
		{AA359716-6CC5-4979-AF1C-57B1E1C463F6}.Debug|Any CPU.ActiveCfg = Debug|Any CPU
		{AA359716-6CC5-4979-AF1C-57B1E1C463F6}.Debug|Any CPU.Build.0 = Debug|Any CPU
		{AA359716-6CC5-4979-AF1C-57B1E1C463F6}.Debug|iPhone.ActiveCfg = Debug|Any CPU
		{AA359716-6CC5-4979-AF1C-57B1E1C463F6}.Debug|iPhone.Build.0 = Debug|Any CPU
		{AA359716-6CC5-4979-AF1C-57B1E1C463F6}.Debug|iPhoneSimulator.ActiveCfg = Debug|Any CPU
		{AA359716-6CC5-4979-AF1C-57B1E1C463F6}.Debug|iPhoneSimulator.Build.0 = Debug|Any CPU
		{AA359716-6CC5-4979-AF1C-57B1E1C463F6}.Release|Any CPU.ActiveCfg = Release|Any CPU
		{AA359716-6CC5-4979-AF1C-57B1E1C463F6}.Release|Any CPU.Build.0 = Release|Any CPU
		{AA359716-6CC5-4979-AF1C-57B1E1C463F6}.Release|iPhone.ActiveCfg = Release|Any CPU
		{AA359716-6CC5-4979-AF1C-57B1E1C463F6}.Release|iPhone.Build.0 = Release|Any CPU
		{AA359716-6CC5-4979-AF1C-57B1E1C463F6}.Release|iPhoneSimulator.ActiveCfg = Release|Any CPU
		{AA359716-6CC5-4979-AF1C-57B1E1C463F6}.Release|iPhoneSimulator.Build.0 = Release|Any CPU
		{2FD50F1B-7333-4FBC-BFDE-4AA2060860C2}.Debug|Any CPU.ActiveCfg = Debug|Any CPU
		{2FD50F1B-7333-4FBC-BFDE-4AA2060860C2}.Debug|Any CPU.Build.0 = Debug|Any CPU
		{2FD50F1B-7333-4FBC-BFDE-4AA2060860C2}.Debug|iPhone.ActiveCfg = Debug|Any CPU
		{2FD50F1B-7333-4FBC-BFDE-4AA2060860C2}.Debug|iPhone.Build.0 = Debug|Any CPU
		{2FD50F1B-7333-4FBC-BFDE-4AA2060860C2}.Debug|iPhoneSimulator.ActiveCfg = Debug|Any CPU
		{2FD50F1B-7333-4FBC-BFDE-4AA2060860C2}.Debug|iPhoneSimulator.Build.0 = Debug|Any CPU
		{2FD50F1B-7333-4FBC-BFDE-4AA2060860C2}.Release|Any CPU.ActiveCfg = Release|Any CPU
		{2FD50F1B-7333-4FBC-BFDE-4AA2060860C2}.Release|Any CPU.Build.0 = Release|Any CPU
		{2FD50F1B-7333-4FBC-BFDE-4AA2060860C2}.Release|iPhone.ActiveCfg = Release|Any CPU
		{2FD50F1B-7333-4FBC-BFDE-4AA2060860C2}.Release|iPhone.Build.0 = Release|Any CPU
		{2FD50F1B-7333-4FBC-BFDE-4AA2060860C2}.Release|iPhoneSimulator.ActiveCfg = Release|Any CPU
		{2FD50F1B-7333-4FBC-BFDE-4AA2060860C2}.Release|iPhoneSimulator.Build.0 = Release|Any CPU
		{AFA8F2F2-CE96-4123-B4ED-22EA2DDC1F1B}.Debug|Any CPU.ActiveCfg = Debug|Any CPU
		{AFA8F2F2-CE96-4123-B4ED-22EA2DDC1F1B}.Debug|Any CPU.Build.0 = Debug|Any CPU
		{AFA8F2F2-CE96-4123-B4ED-22EA2DDC1F1B}.Debug|Any CPU.Deploy.0 = Debug|Any CPU
		{AFA8F2F2-CE96-4123-B4ED-22EA2DDC1F1B}.Debug|iPhone.ActiveCfg = Debug|Any CPU
		{AFA8F2F2-CE96-4123-B4ED-22EA2DDC1F1B}.Debug|iPhone.Build.0 = Debug|Any CPU
		{AFA8F2F2-CE96-4123-B4ED-22EA2DDC1F1B}.Debug|iPhone.Deploy.0 = Debug|Any CPU
		{AFA8F2F2-CE96-4123-B4ED-22EA2DDC1F1B}.Debug|iPhoneSimulator.ActiveCfg = Debug|Any CPU
		{AFA8F2F2-CE96-4123-B4ED-22EA2DDC1F1B}.Debug|iPhoneSimulator.Build.0 = Debug|Any CPU
		{AFA8F2F2-CE96-4123-B4ED-22EA2DDC1F1B}.Debug|iPhoneSimulator.Deploy.0 = Debug|Any CPU
		{AFA8F2F2-CE96-4123-B4ED-22EA2DDC1F1B}.Release|Any CPU.ActiveCfg = Release|Any CPU
		{AFA8F2F2-CE96-4123-B4ED-22EA2DDC1F1B}.Release|Any CPU.Build.0 = Release|Any CPU
		{AFA8F2F2-CE96-4123-B4ED-22EA2DDC1F1B}.Release|Any CPU.Deploy.0 = Release|Any CPU
		{AFA8F2F2-CE96-4123-B4ED-22EA2DDC1F1B}.Release|iPhone.ActiveCfg = Release|Any CPU
		{AFA8F2F2-CE96-4123-B4ED-22EA2DDC1F1B}.Release|iPhone.Build.0 = Release|Any CPU
		{AFA8F2F2-CE96-4123-B4ED-22EA2DDC1F1B}.Release|iPhone.Deploy.0 = Release|Any CPU
		{AFA8F2F2-CE96-4123-B4ED-22EA2DDC1F1B}.Release|iPhoneSimulator.ActiveCfg = Release|Any CPU
		{AFA8F2F2-CE96-4123-B4ED-22EA2DDC1F1B}.Release|iPhoneSimulator.Build.0 = Release|Any CPU
		{AFA8F2F2-CE96-4123-B4ED-22EA2DDC1F1B}.Release|iPhoneSimulator.Deploy.0 = Release|Any CPU
		{6C958C26-4D68-4F00-A55B-E64D6C6635DC}.Debug|Any CPU.ActiveCfg = Debug|Any CPU
		{6C958C26-4D68-4F00-A55B-E64D6C6635DC}.Debug|Any CPU.Build.0 = Debug|Any CPU
		{6C958C26-4D68-4F00-A55B-E64D6C6635DC}.Debug|iPhone.ActiveCfg = Debug|Any CPU
		{6C958C26-4D68-4F00-A55B-E64D6C6635DC}.Debug|iPhone.Build.0 = Debug|Any CPU
		{6C958C26-4D68-4F00-A55B-E64D6C6635DC}.Debug|iPhoneSimulator.ActiveCfg = Debug|Any CPU
		{6C958C26-4D68-4F00-A55B-E64D6C6635DC}.Debug|iPhoneSimulator.Build.0 = Debug|Any CPU
		{6C958C26-4D68-4F00-A55B-E64D6C6635DC}.Release|Any CPU.ActiveCfg = Release|Any CPU
		{6C958C26-4D68-4F00-A55B-E64D6C6635DC}.Release|Any CPU.Build.0 = Release|Any CPU
		{6C958C26-4D68-4F00-A55B-E64D6C6635DC}.Release|iPhone.ActiveCfg = Release|Any CPU
		{6C958C26-4D68-4F00-A55B-E64D6C6635DC}.Release|iPhone.Build.0 = Release|Any CPU
		{6C958C26-4D68-4F00-A55B-E64D6C6635DC}.Release|iPhoneSimulator.ActiveCfg = Release|Any CPU
		{6C958C26-4D68-4F00-A55B-E64D6C6635DC}.Release|iPhoneSimulator.Build.0 = Release|Any CPU
	EndGlobalSection
	GlobalSection(SolutionProperties) = preSolution
		HideSolutionNode = FALSE
	EndGlobalSection
	GlobalSection(ExtensibilityGlobals) = postSolution
		SolutionGuid = {2C448709-62D2-47CA-968C-24073B9F1672}
	EndGlobalSection
EndGlobal
